// !$*UTF8*$!
{
	archiveVersion = 1;
	classes = {
	};
	objectVersion = 46;
	objects = {

/* Begin PBXBuildFile section */
		BF_092E08E95D700512A6CB28E96B251C8A /* logging_framework.h in Headers */ = {isa = PBXBuildFile; fileRef = FR_FBC8AE039F93AE25CA85428D8D7EEDB3 /* logging_framework.h */; settings = {ATTRIBUTES = (Public, ); }; };
		BF_144F277248652E92F3665CCD8757F1EB /* hiratsuka-test.framework in Embed Frameworks */ = {isa = PBXBuildFile; fileRef = FR_5030AF4B3E762EBCB9DEC7D2403A28A6 /* hiratsuka-test.framework */; settings = {ATTRIBUTES = (CodeSignOnCopy, RemoveHeadersOnCopy, ); }; };
		BF_1615347E7DC1795AF354115DD79874CD /* SVProgressHUD.framework in Frameworks */ = {isa = PBXBuildFile; fileRef = FR_CC7DC8006E682AC5C563021BBDA36470 /* SVProgressHUD.framework */; };
		BF_18CE15F7D062588E63AF0BFDC9949B9A /* RxCocoa.framework in Frameworks */ = {isa = PBXBuildFile; fileRef = FR_07B0ED50BDE2F2A73A46BD31831CE166 /* RxCocoa.framework */; };
		BF_1E7C4CFA040929EA64F507BE8CD7FB0B /* LogWrapper.swift in Sources */ = {isa = PBXBuildFile; fileRef = FR_A53874387EA08232DE2058DB0590CF2B /* LogWrapper.swift */; };
		BF_2CCF582BC2D039D7F1813BC901C74DE1 /* LaunchScreen.storyboard in Resources */ = {isa = PBXBuildFile; fileRef = VG_AA1C18744EF5D6419D128EE4D1676049 /* LaunchScreen.storyboard */; };
		BF_4A9E08D0937706C3DF6F1ED5831E9410 /* logging_frameworkTests.swift in Sources */ = {isa = PBXBuildFile; fileRef = FR_715873097F0489214777054FA3D570B3 /* logging_frameworkTests.swift */; };
		BF_4D579509E7086505B0B10C9332B07823 /* hiratsuka_test.h in Headers */ = {isa = PBXBuildFile; fileRef = FR_EE719980A2FC7D8EA5F57945F32D6094 /* hiratsuka_test.h */; settings = {ATTRIBUTES = (Public, ); }; };
		BF_81EA01B0A372BFDA46BD94EFCAB744CA /* RxBlocking.framework in Frameworks */ = {isa = PBXBuildFile; fileRef = FR_630C685FFE67C80E427625F7C4D10697 /* RxBlocking.framework */; };
		BF_9255DAD92E4B202A60EABF22CC92D2A2 /* hiratsuka_testTests.swift in Sources */ = {isa = PBXBuildFile; fileRef = FR_7324CC8C7DF3B0695A11EFEE7CB7DEFF /* hiratsuka_testTests.swift */; };
		BF_9518D75375737DE47E843CD8CC16BF97 /* xcode_gen_exampleTests.swift in Sources */ = {isa = PBXBuildFile; fileRef = FR_0A8407C97B1629C3B1C78FD0F256BEA9 /* xcode_gen_exampleTests.swift */; };
		BF_B80FEF9B9E3114ACD3BA661C74837C05 /* Main.storyboard in Resources */ = {isa = PBXBuildFile; fileRef = VG_79F735868F65EDD54CB59417BC9101D3 /* Main.storyboard */; };
		BF_C114254A8CAA614C15757ADE94E6A129 /* RxSwift.framework in Frameworks */ = {isa = PBXBuildFile; fileRef = FR_5697F03E8D9A13138610386275A6F0DA /* RxSwift.framework */; };
		BF_C43B12553BE954AD711B486F368829B2 /* logging_framework.framework in Embed Frameworks */ = {isa = PBXBuildFile; fileRef = FR_49030350E5E528C4161831000A7E1A51 /* logging_framework.framework */; settings = {ATTRIBUTES = (CodeSignOnCopy, RemoveHeadersOnCopy, ); }; };
		BF_D17B5BB21019AC9A1B03FFCD57467CE7 /* AppDelegate.swift in Sources */ = {isa = PBXBuildFile; fileRef = FR_75C64A06A2D983C07AEDD59FCBDCA1D3 /* AppDelegate.swift */; };
		BF_D900EEB9D6C3AB98D5A8E25654E56372 /* Assets.xcassets in Resources */ = {isa = PBXBuildFile; fileRef = FR_F758470B15097438977D018FE7422B07 /* Assets.xcassets */; };
		BF_DBF40470EABCBD5495CE10F3AC2EF22D /* ViewController.swift in Sources */ = {isa = PBXBuildFile; fileRef = FR_2C88EC0EB62C2B6C839766DF3E052FA2 /* ViewController.swift */; };
		BF_ECAC8BF80A42EA328A4108B8F35615CF /* hiratsuka-test.framework in Frameworks */ = {isa = PBXBuildFile; fileRef = FR_5030AF4B3E762EBCB9DEC7D2403A28A6 /* hiratsuka-test.framework */; };
		BF_EDF724120176D11D11535C2765390F85 /* logging_framework.framework in Frameworks */ = {isa = PBXBuildFile; fileRef = FR_49030350E5E528C4161831000A7E1A51 /* logging_framework.framework */; };
/* End PBXBuildFile section */

/* Begin PBXContainerItemProxy section */
		CIP_4B0D3C7575B2B8CB43A9A43BFECB51FA /* PBXContainerItemProxy */ = {
			isa = PBXContainerItemProxy;
			containerPortal = P_FC0512C75FA504A3ED9E7E5499B7847F /* Project object */;
			proxyType = 1;
			remoteGlobalIDString = NT_57E5C8FAF80E03B7266BA78555DCAF7F;
			remoteInfo = "hiratsuka-test";
		};
		CIP_7A12974EA977484AF8526A34D0BBE0E0 /* PBXContainerItemProxy */ = {
			isa = PBXContainerItemProxy;
			containerPortal = P_FC0512C75FA504A3ED9E7E5499B7847F /* Project object */;
			proxyType = 1;
			remoteGlobalIDString = NT_32BD500ECEFF23E1B812972A251AF30F;
			remoteInfo = logging_framework;
		};
/* End PBXContainerItemProxy section */

/* Begin PBXCopyFilesBuildPhase section */
		CFBP_26A263540283F621A5A20CBEDB62B197 /* Embed Frameworks */ = {
			isa = PBXCopyFilesBuildPhase;
			buildActionMask = 2147483647;
			dstPath = "";
			dstSubfolderSpec = 10;
			files = (
				BF_144F277248652E92F3665CCD8757F1EB /* hiratsuka-test.framework in Embed Frameworks */,
				BF_C43B12553BE954AD711B486F368829B2 /* logging_framework.framework in Embed Frameworks */,
			);
			name = "Embed Frameworks";
			runOnlyForDeploymentPostprocessing = 0;
		};
/* End PBXCopyFilesBuildPhase section */

/* Begin PBXFileReference section */
		FR_0469032F465EAF841B3261D4734C45A9 /* Info.plist */ = {isa = PBXFileReference; lastKnownFileType = text.plist.xml; path = Info.plist; sourceTree = "<group>"; };
		FR_07B0ED50BDE2F2A73A46BD31831CE166 /* RxCocoa.framework */ = {isa = PBXFileReference; lastKnownFileType = wrapper.framework; path = RxCocoa.framework; sourceTree = "<group>"; };
		FR_0A8407C97B1629C3B1C78FD0F256BEA9 /* xcode_gen_exampleTests.swift */ = {isa = PBXFileReference; lastKnownFileType = sourcecode.swift; path = xcode_gen_exampleTests.swift; sourceTree = "<group>"; };
		FR_1575795C33D5CD006F79BC89DA1A3D40 /* Info.plist */ = {isa = PBXFileReference; lastKnownFileType = text.plist.xml; path = Info.plist; sourceTree = "<group>"; };
		FR_2C88EC0EB62C2B6C839766DF3E052FA2 /* ViewController.swift */ = {isa = PBXFileReference; lastKnownFileType = sourcecode.swift; path = ViewController.swift; sourceTree = "<group>"; };
		FR_49030350E5E528C4161831000A7E1A51 /* logging_framework.framework */ = {isa = PBXFileReference; explicitFileType = wrapper.framework; includeInIndex = 0; path = logging_framework.framework; sourceTree = BUILT_PRODUCTS_DIR; };
		FR_5030AF4B3E762EBCB9DEC7D2403A28A6 /* hiratsuka-test.framework */ = {isa = PBXFileReference; explicitFileType = wrapper.framework; includeInIndex = 0; path = "hiratsuka-test.framework"; sourceTree = BUILT_PRODUCTS_DIR; };
		FR_5697F03E8D9A13138610386275A6F0DA /* RxSwift.framework */ = {isa = PBXFileReference; lastKnownFileType = wrapper.framework; path = RxSwift.framework; sourceTree = "<group>"; };
		FR_630C685FFE67C80E427625F7C4D10697 /* RxBlocking.framework */ = {isa = PBXFileReference; lastKnownFileType = wrapper.framework; path = RxBlocking.framework; sourceTree = "<group>"; };
		FR_715873097F0489214777054FA3D570B3 /* logging_frameworkTests.swift */ = {isa = PBXFileReference; lastKnownFileType = sourcecode.swift; path = logging_frameworkTests.swift; sourceTree = "<group>"; };
		FR_7324CC8C7DF3B0695A11EFEE7CB7DEFF /* hiratsuka_testTests.swift */ = {isa = PBXFileReference; lastKnownFileType = sourcecode.swift; path = hiratsuka_testTests.swift; sourceTree = "<group>"; };
		FR_75C64A06A2D983C07AEDD59FCBDCA1D3 /* AppDelegate.swift */ = {isa = PBXFileReference; lastKnownFileType = sourcecode.swift; path = AppDelegate.swift; sourceTree = "<group>"; };
		FR_7834224A910976C7EC29F89F8D9A4E19 /* logging_frameworkTests.xctest */ = {isa = PBXFileReference; includeInIndex = 0; lastKnownFileType = wrapper.cfbundle; path = logging_frameworkTests.xctest; sourceTree = BUILT_PRODUCTS_DIR; };
		FR_8D1EC0204222429E1B56B2782CE81637 /* debug-hiratsuka.app */ = {isa = PBXFileReference; explicitFileType = wrapper.application; includeInIndex = 0; path = "debug-hiratsuka.app"; sourceTree = BUILT_PRODUCTS_DIR; };
		FR_92A2EC77572554EC25BC84F5811857F3 /* Info.plist */ = {isa = PBXFileReference; lastKnownFileType = text.plist.xml; path = Info.plist; sourceTree = "<group>"; };
		FR_930415ABEEE696DD93B544E2CAFDFEF7 /* hiratsuka-testTests.xctest */ = {isa = PBXFileReference; includeInIndex = 0; lastKnownFileType = wrapper.cfbundle; path = "hiratsuka-testTests.xctest"; sourceTree = BUILT_PRODUCTS_DIR; };
		FR_A3AFD476128CF5D88638D96CB6CF3AD4 /* Base */ = {isa = PBXFileReference; lastKnownFileType = file.storyboard; name = Base; path = Base.lproj/Main.storyboard; sourceTree = "<group>"; };
		FR_A53874387EA08232DE2058DB0590CF2B /* LogWrapper.swift */ = {isa = PBXFileReference; lastKnownFileType = sourcecode.swift; path = LogWrapper.swift; sourceTree = "<group>"; };
		FR_AC8C26A96D1F7933343A587E1DC4E6FB /* Base */ = {isa = PBXFileReference; lastKnownFileType = file.storyboard; name = Base; path = Base.lproj/LaunchScreen.storyboard; sourceTree = "<group>"; };
		FR_BAD16C697960353DF1B8C60B33B37A71 /* Info.plist */ = {isa = PBXFileReference; lastKnownFileType = text.plist.xml; path = Info.plist; sourceTree = "<group>"; };
		FR_C034233551C2DB1C5ED2B453F5B30F09 /* Info.plist */ = {isa = PBXFileReference; lastKnownFileType = text.plist.xml; path = Info.plist; sourceTree = "<group>"; };
		FR_CB5FC68ADC875BE15BDB42F038BF1CE2 /* Info.plist */ = {isa = PBXFileReference; lastKnownFileType = text.plist.xml; path = Info.plist; sourceTree = "<group>"; };
		FR_CC7DC8006E682AC5C563021BBDA36470 /* SVProgressHUD.framework */ = {isa = PBXFileReference; lastKnownFileType = wrapper.framework; path = SVProgressHUD.framework; sourceTree = "<group>"; };
		FR_EE719980A2FC7D8EA5F57945F32D6094 /* hiratsuka_test.h */ = {isa = PBXFileReference; lastKnownFileType = sourcecode.c.h; path = hiratsuka_test.h; sourceTree = "<group>"; };
		FR_F758470B15097438977D018FE7422B07 /* Assets.xcassets */ = {isa = PBXFileReference; lastKnownFileType = folder.assetcatalog; path = Assets.xcassets; sourceTree = "<group>"; };
		FR_F8008CF3C5499E0A7CE4E412D31C0228 /* xcode_gen_exampleTests.xctest */ = {isa = PBXFileReference; includeInIndex = 0; lastKnownFileType = wrapper.cfbundle; path = xcode_gen_exampleTests.xctest; sourceTree = BUILT_PRODUCTS_DIR; };
		FR_FBC8AE039F93AE25CA85428D8D7EEDB3 /* logging_framework.h */ = {isa = PBXFileReference; lastKnownFileType = sourcecode.c.h; path = logging_framework.h; sourceTree = "<group>"; };
/* End PBXFileReference section */

/* Begin PBXFrameworksBuildPhase section */
		FBP_EA64817D3785CB371564B56DF7FB9AA1 /* Frameworks */ = {
			isa = PBXFrameworksBuildPhase;
			buildActionMask = 2147483647;
			files = (
				BF_ECAC8BF80A42EA328A4108B8F35615CF /* hiratsuka-test.framework in Frameworks */,
				BF_EDF724120176D11D11535C2765390F85 /* logging_framework.framework in Frameworks */,
				BF_C114254A8CAA614C15757ADE94E6A129 /* RxSwift.framework in Frameworks */,
				BF_18CE15F7D062588E63AF0BFDC9949B9A /* RxCocoa.framework in Frameworks */,
				BF_81EA01B0A372BFDA46BD94EFCAB744CA /* RxBlocking.framework in Frameworks */,
				BF_1615347E7DC1795AF354115DD79874CD /* SVProgressHUD.framework in Frameworks */,
			);
			runOnlyForDeploymentPostprocessing = 0;
		};
/* End PBXFrameworksBuildPhase section */

/* Begin PBXGroup section */
		G_06DF949AD49420FE3602DE3D2118CADF = {
			isa = PBXGroup;
			children = (
				G_C69F95F019D45D17080CBAAD86694009 /* hiratsuka-test */,
				G_2435B078DE072C65F75B6876693F9FCC /* hiratsuka-testTests */,
				G_E45D408A4C629AF17FACD8EF5DE1345B /* logging_framework */,
				G_EEA9279E84C96DF5212A1E87D572963B /* logging_frameworkTests */,
				G_E698351C29A221D6DAD95972FE357F22 /* xcode_gen_example */,
				G_BC10606B580B17D482F82BA73E11C804 /* xcode_gen_exampleTests */,
				G_402C10A29785778F9EE0029464AC025A /* Frameworks */,
				G_86090CEEA9816F3E6AAAF39E3EF5B33C /* Products */,
			);
			sourceTree = "<group>";
		};
		G_2435B078DE072C65F75B6876693F9FCC /* hiratsuka-testTests */ = {
			isa = PBXGroup;
			children = (
				FR_7324CC8C7DF3B0695A11EFEE7CB7DEFF /* hiratsuka_testTests.swift */,
				FR_CB5FC68ADC875BE15BDB42F038BF1CE2 /* Info.plist */,
			);
			path = "hiratsuka-testTests";
			sourceTree = "<group>";
		};
		G_402C10A29785778F9EE0029464AC025A /* Frameworks */ = {
			isa = PBXGroup;
			children = (
				G_F2278F68273F44ACC541CA514E982C99 /* Carthage */,
			);
			name = Frameworks;
			sourceTree = "<group>";
		};
		G_86090CEEA9816F3E6AAAF39E3EF5B33C /* Products */ = {
			isa = PBXGroup;
			children = (
				FR_5030AF4B3E762EBCB9DEC7D2403A28A6 /* hiratsuka-test.framework */,
				FR_930415ABEEE696DD93B544E2CAFDFEF7 /* hiratsuka-testTests.xctest */,
				FR_49030350E5E528C4161831000A7E1A51 /* logging_framework.framework */,
				FR_7834224A910976C7EC29F89F8D9A4E19 /* logging_frameworkTests.xctest */,
				FR_8D1EC0204222429E1B56B2782CE81637 /* debug-hiratsuka.app */,
				FR_F8008CF3C5499E0A7CE4E412D31C0228 /* xcode_gen_exampleTests.xctest */,
			);
			name = Products;
			sourceTree = "<group>";
		};
		G_87B689EE62A636A5CE75A3D49D50369F /* iOS */ = {
			isa = PBXGroup;
			children = (
				FR_630C685FFE67C80E427625F7C4D10697 /* RxBlocking.framework */,
				FR_07B0ED50BDE2F2A73A46BD31831CE166 /* RxCocoa.framework */,
				FR_5697F03E8D9A13138610386275A6F0DA /* RxSwift.framework */,
				FR_CC7DC8006E682AC5C563021BBDA36470 /* SVProgressHUD.framework */,
			);
			path = iOS;
			sourceTree = "<group>";
		};
		G_BC10606B580B17D482F82BA73E11C804 /* xcode_gen_exampleTests */ = {
			isa = PBXGroup;
			children = (
				FR_C034233551C2DB1C5ED2B453F5B30F09 /* Info.plist */,
				FR_0A8407C97B1629C3B1C78FD0F256BEA9 /* xcode_gen_exampleTests.swift */,
			);
			path = xcode_gen_exampleTests;
			sourceTree = "<group>";
		};
		G_C69F95F019D45D17080CBAAD86694009 /* hiratsuka-test */ = {
			isa = PBXGroup;
			children = (
				FR_EE719980A2FC7D8EA5F57945F32D6094 /* hiratsuka_test.h */,
				FR_BAD16C697960353DF1B8C60B33B37A71 /* Info.plist */,
			);
			path = "hiratsuka-test";
			sourceTree = "<group>";
		};
		G_E45D408A4C629AF17FACD8EF5DE1345B /* logging_framework */ = {
			isa = PBXGroup;
			children = (
				FR_1575795C33D5CD006F79BC89DA1A3D40 /* Info.plist */,
				FR_FBC8AE039F93AE25CA85428D8D7EEDB3 /* logging_framework.h */,
				FR_A53874387EA08232DE2058DB0590CF2B /* LogWrapper.swift */,
			);
			name = logging_framework;
			path = logging_framework/logging_framework;
			sourceTree = "<group>";
		};
		G_E698351C29A221D6DAD95972FE357F22 /* xcode_gen_example */ = {
			isa = PBXGroup;
			children = (
				FR_75C64A06A2D983C07AEDD59FCBDCA1D3 /* AppDelegate.swift */,
				FR_F758470B15097438977D018FE7422B07 /* Assets.xcassets */,
				FR_0469032F465EAF841B3261D4734C45A9 /* Info.plist */,
				VG_AA1C18744EF5D6419D128EE4D1676049 /* LaunchScreen.storyboard */,
				VG_79F735868F65EDD54CB59417BC9101D3 /* Main.storyboard */,
				FR_2C88EC0EB62C2B6C839766DF3E052FA2 /* ViewController.swift */,
			);
			path = xcode_gen_example;
			sourceTree = "<group>";
		};
		G_EEA9279E84C96DF5212A1E87D572963B /* logging_frameworkTests */ = {
			isa = PBXGroup;
			children = (
				FR_92A2EC77572554EC25BC84F5811857F3 /* Info.plist */,
				FR_715873097F0489214777054FA3D570B3 /* logging_frameworkTests.swift */,
			);
			name = logging_frameworkTests;
			path = logging_framework/logging_frameworkTests;
			sourceTree = "<group>";
		};
		G_F2278F68273F44ACC541CA514E982C99 /* Carthage */ = {
			isa = PBXGroup;
			children = (
				G_87B689EE62A636A5CE75A3D49D50369F /* iOS */,
			);
			name = Carthage;
			path = Carthage/Build;
			sourceTree = "<group>";
		};
/* End PBXGroup section */

/* Begin PBXHeadersBuildPhase section */
		HBP_556115781111282873F61B24F0CE751F /* Headers */ = {
			isa = PBXHeadersBuildPhase;
			buildActionMask = 2147483647;
			files = (
				BF_092E08E95D700512A6CB28E96B251C8A /* logging_framework.h in Headers */,
			);
			runOnlyForDeploymentPostprocessing = 0;
		};
		HBP_8392D22AF324BF4F5AC6799C6A7B452D /* Headers */ = {
			isa = PBXHeadersBuildPhase;
			buildActionMask = 2147483647;
			files = (
				BF_4D579509E7086505B0B10C9332B07823 /* hiratsuka_test.h in Headers */,
			);
			runOnlyForDeploymentPostprocessing = 0;
		};
/* End PBXHeadersBuildPhase section */

/* Begin PBXNativeTarget section */
		NT_06C207CC07E74A0B96F4A9DCE6A040DD /* xcode_gen_exampleTests */ = {
			isa = PBXNativeTarget;
			buildConfigurationList = CL_DD6C6E59B1FC8DDA80777E1F84F808CE /* Build configuration list for PBXNativeTarget "xcode_gen_exampleTests" */;
			buildPhases = (
				SBP_2880DC78DF062BC9EBDAE65279B29CB4 /* Sources */,
			);
			buildRules = (
			);
			dependencies = (
			);
			name = xcode_gen_exampleTests;
			productName = xcode_gen_exampleTests;
			productReference = FR_F8008CF3C5499E0A7CE4E412D31C0228 /* xcode_gen_exampleTests.xctest */;
			productType = "com.apple.product-type.bundle.unit-test";
		};
		NT_32BD500ECEFF23E1B812972A251AF30F /* logging_framework */ = {
			isa = PBXNativeTarget;
			buildConfigurationList = CL_B08779AC4AB76C6A5E9DAC083EC8222B /* Build configuration list for PBXNativeTarget "logging_framework" */;
			buildPhases = (
				HBP_556115781111282873F61B24F0CE751F /* Headers */,
				SBP_AEC82846BE075C10EFDE280AE203FD37 /* Sources */,
			);
			buildRules = (
			);
			dependencies = (
			);
			name = logging_framework;
			productName = logging_framework;
			productReference = FR_49030350E5E528C4161831000A7E1A51 /* logging_framework.framework */;
			productType = "com.apple.product-type.framework";
		};
		NT_4AE970F45FBAF41F972F6614E57318A6 /* logging_frameworkTests */ = {
			isa = PBXNativeTarget;
			buildConfigurationList = CL_1FFC3EF368B9B9912AD91A6C1B3266D5 /* Build configuration list for PBXNativeTarget "logging_frameworkTests" */;
			buildPhases = (
				SBP_A60FAF507834267C8CEE5DC31947EC35 /* Sources */,
			);
			buildRules = (
			);
			dependencies = (
			);
			name = logging_frameworkTests;
			productName = logging_frameworkTests;
			productReference = FR_7834224A910976C7EC29F89F8D9A4E19 /* logging_frameworkTests.xctest */;
			productType = "com.apple.product-type.bundle.unit-test";
		};
		NT_57E5C8FAF80E03B7266BA78555DCAF7F /* hiratsuka-test */ = {
			isa = PBXNativeTarget;
			buildConfigurationList = CL_4FB2BDF92087CA2F56A91717E9E3085F /* Build configuration list for PBXNativeTarget "hiratsuka-test" */;
			buildPhases = (
				HBP_8392D22AF324BF4F5AC6799C6A7B452D /* Headers */,
				SBP_F94AF6684DEC13B39A4D469D64EA895B /* Sources */,
			);
			buildRules = (
			);
			dependencies = (
			);
			name = "hiratsuka-test";
			productName = "hiratsuka-test";
			productReference = FR_5030AF4B3E762EBCB9DEC7D2403A28A6 /* hiratsuka-test.framework */;
			productType = "com.apple.product-type.framework";
		};
		NT_5F6A4ABE1924C9FEC6EA2B3CC809EEDB /* xcode_gen_example */ = {
			isa = PBXNativeTarget;
			buildConfigurationList = CL_F7286DC3F011ABD46F68F00A0BC470CA /* Build configuration list for PBXNativeTarget "xcode_gen_example" */;
			buildPhases = (
				SBP_9D798FA481DF1441B6231E7B8258CA90 /* Sources */,
				RBP_41D05A40B23320CF2DB989429F99B3CB /* Resources */,
				SSBP_626B9FDDC00BCBFCD544C407BFB5CFE2 /* Carthage */,
				FBP_EA64817D3785CB371564B56DF7FB9AA1 /* Frameworks */,
				CFBP_26A263540283F621A5A20CBEDB62B197 /* Embed Frameworks */,
				SSBP_C2109131A18EF6857550E6394782FC7E /* hiratsuka test */,
			);
			buildRules = (
			);
			dependencies = (
				TD_CD6DF5FF09AD1FADE9216D211B8FE240 /* PBXTargetDependency */,
				TD_80AB084CBD2E5E1F39E4F78D8458C51A /* PBXTargetDependency */,
			);
			name = xcode_gen_example;
			productName = xcode_gen_example;
			productReference = FR_8D1EC0204222429E1B56B2782CE81637 /* debug-hiratsuka.app */;
			productType = "com.apple.product-type.application";
		};
		NT_82A492C074E0159AFA3C458CBF3F7FB7 /* hiratsuka-testTests */ = {
			isa = PBXNativeTarget;
			buildConfigurationList = CL_5E760385CA93FF84E8D2F983C23A1092 /* Build configuration list for PBXNativeTarget "hiratsuka-testTests" */;
			buildPhases = (
				SBP_4F5703DDFFA16DD2FFB19C541B561239 /* Sources */,
			);
			buildRules = (
			);
			dependencies = (
			);
			name = "hiratsuka-testTests";
			productName = "hiratsuka-testTests";
			productReference = FR_930415ABEEE696DD93B544E2CAFDFEF7 /* hiratsuka-testTests.xctest */;
			productType = "com.apple.product-type.bundle.unit-test";
		};
/* End PBXNativeTarget section */

/* Begin PBXProject section */
		P_FC0512C75FA504A3ED9E7E5499B7847F /* Project object */ = {
			isa = PBXProject;
			attributes = {
				LastUpgradeCheck = 1000;
				TargetAttributes = {
					NT_06C207CC07E74A0B96F4A9DCE6A040DD = {
						DevelopmentTeam = S56GZ64EWS;
						ProvisioningStyle = Automatic;
					};
					NT_32BD500ECEFF23E1B812972A251AF30F = {
						DevelopmentTeam = S56GZ64EWS;
						ProvisioningStyle = Automatic;
					};
					NT_4AE970F45FBAF41F972F6614E57318A6 = {
						DevelopmentTeam = S56GZ64EWS;
						ProvisioningStyle = Automatic;
					};
					NT_57E5C8FAF80E03B7266BA78555DCAF7F = {
						DevelopmentTeam = S56GZ64EWS;
						ProvisioningStyle = Automatic;
					};
					NT_5F6A4ABE1924C9FEC6EA2B3CC809EEDB = {
						DevelopmentTeam = S56GZ64EWS;
						ProvisioningStyle = Manual;
					};
					NT_82A492C074E0159AFA3C458CBF3F7FB7 = {
						DevelopmentTeam = S56GZ64EWS;
						ProvisioningStyle = Automatic;
					};
				};
			};
			buildConfigurationList = CL_C6D3A40F96F3A3EE270E6DE1BE414070 /* Build configuration list for PBXProject "xcode_gen_example" */;
			compatibilityVersion = "Xcode 3.2";
			developmentRegion = en;
			hasScannedForEncodings = 0;
			knownRegions = (
				Base,
			);
			mainGroup = G_06DF949AD49420FE3602DE3D2118CADF;
			projectDirPath = "";
			projectRoot = "";
			targets = (
				NT_57E5C8FAF80E03B7266BA78555DCAF7F /* hiratsuka-test */,
				NT_82A492C074E0159AFA3C458CBF3F7FB7 /* hiratsuka-testTests */,
				NT_32BD500ECEFF23E1B812972A251AF30F /* logging_framework */,
				NT_4AE970F45FBAF41F972F6614E57318A6 /* logging_frameworkTests */,
				NT_5F6A4ABE1924C9FEC6EA2B3CC809EEDB /* xcode_gen_example */,
				NT_06C207CC07E74A0B96F4A9DCE6A040DD /* xcode_gen_exampleTests */,
			);
		};
/* End PBXProject section */

/* Begin PBXResourcesBuildPhase section */
		RBP_41D05A40B23320CF2DB989429F99B3CB /* Resources */ = {
			isa = PBXResourcesBuildPhase;
			buildActionMask = 2147483647;
			files = (
				BF_D900EEB9D6C3AB98D5A8E25654E56372 /* Assets.xcassets in Resources */,
				BF_2CCF582BC2D039D7F1813BC901C74DE1 /* LaunchScreen.storyboard in Resources */,
				BF_B80FEF9B9E3114ACD3BA661C74837C05 /* Main.storyboard in Resources */,
			);
			runOnlyForDeploymentPostprocessing = 0;
		};
/* End PBXResourcesBuildPhase section */

/* Begin PBXShellScriptBuildPhase section */
		SSBP_626B9FDDC00BCBFCD544C407BFB5CFE2 /* Carthage */ = {
			isa = PBXShellScriptBuildPhase;
			buildActionMask = 2147483647;
			files = (
			);
			inputPaths = (
				"$(SRCROOT)/Carthage/Build/iOS/RxBlocking.framework",
				"$(SRCROOT)/Carthage/Build/iOS/RxCocoa.framework",
				"$(SRCROOT)/Carthage/Build/iOS/RxSwift.framework",
				"$(SRCROOT)/Carthage/Build/iOS/SVProgressHUD.framework",
			);
			name = Carthage;
			outputPaths = (
				"$(BUILT_PRODUCTS_DIR)/$(FRAMEWORKS_FOLDER_PATH)/RxBlocking.framework",
				"$(BUILT_PRODUCTS_DIR)/$(FRAMEWORKS_FOLDER_PATH)/RxCocoa.framework",
				"$(BUILT_PRODUCTS_DIR)/$(FRAMEWORKS_FOLDER_PATH)/RxSwift.framework",
				"$(BUILT_PRODUCTS_DIR)/$(FRAMEWORKS_FOLDER_PATH)/SVProgressHUD.framework",
			);
			runOnlyForDeploymentPostprocessing = 0;
			shellPath = /bin/sh;
			shellScript = "carthage copy-frameworks\n";
		};
		SSBP_C2109131A18EF6857550E6394782FC7E /* hiratsuka test */ = {
			isa = PBXShellScriptBuildPhase;
			buildActionMask = 2147483647;
			files = (
			);
			inputPaths = (
			);
			name = "hiratsuka test";
			outputPaths = (
			);
			runOnlyForDeploymentPostprocessing = 0;
			shellPath = /bin/sh;
			shellScript = "${PROJECT_DIR}/test.sh";
		};
/* End PBXShellScriptBuildPhase section */

/* Begin PBXSourcesBuildPhase section */
		SBP_2880DC78DF062BC9EBDAE65279B29CB4 /* Sources */ = {
			isa = PBXSourcesBuildPhase;
			buildActionMask = 2147483647;
			files = (
				BF_9518D75375737DE47E843CD8CC16BF97 /* xcode_gen_exampleTests.swift in Sources */,
			);
			runOnlyForDeploymentPostprocessing = 0;
		};
		SBP_4F5703DDFFA16DD2FFB19C541B561239 /* Sources */ = {
			isa = PBXSourcesBuildPhase;
			buildActionMask = 2147483647;
			files = (
				BF_9255DAD92E4B202A60EABF22CC92D2A2 /* hiratsuka_testTests.swift in Sources */,
			);
			runOnlyForDeploymentPostprocessing = 0;
		};
		SBP_9D798FA481DF1441B6231E7B8258CA90 /* Sources */ = {
			isa = PBXSourcesBuildPhase;
			buildActionMask = 2147483647;
			files = (
				BF_D17B5BB21019AC9A1B03FFCD57467CE7 /* AppDelegate.swift in Sources */,
				BF_DBF40470EABCBD5495CE10F3AC2EF22D /* ViewController.swift in Sources */,
			);
			runOnlyForDeploymentPostprocessing = 0;
		};
		SBP_A60FAF507834267C8CEE5DC31947EC35 /* Sources */ = {
			isa = PBXSourcesBuildPhase;
			buildActionMask = 2147483647;
			files = (
				BF_4A9E08D0937706C3DF6F1ED5831E9410 /* logging_frameworkTests.swift in Sources */,
			);
			runOnlyForDeploymentPostprocessing = 0;
		};
		SBP_AEC82846BE075C10EFDE280AE203FD37 /* Sources */ = {
			isa = PBXSourcesBuildPhase;
			buildActionMask = 2147483647;
			files = (
				BF_1E7C4CFA040929EA64F507BE8CD7FB0B /* LogWrapper.swift in Sources */,
			);
			runOnlyForDeploymentPostprocessing = 0;
		};
		SBP_F94AF6684DEC13B39A4D469D64EA895B /* Sources */ = {
			isa = PBXSourcesBuildPhase;
			buildActionMask = 2147483647;
			files = (
			);
			runOnlyForDeploymentPostprocessing = 0;
		};
/* End PBXSourcesBuildPhase section */

/* Begin PBXTargetDependency section */
		TD_80AB084CBD2E5E1F39E4F78D8458C51A /* PBXTargetDependency */ = {
			isa = PBXTargetDependency;
			target = NT_32BD500ECEFF23E1B812972A251AF30F /* logging_framework */;
			targetProxy = CIP_7A12974EA977484AF8526A34D0BBE0E0 /* PBXContainerItemProxy */;
		};
		TD_CD6DF5FF09AD1FADE9216D211B8FE240 /* PBXTargetDependency */ = {
			isa = PBXTargetDependency;
			target = NT_57E5C8FAF80E03B7266BA78555DCAF7F /* hiratsuka-test */;
			targetProxy = CIP_4B0D3C7575B2B8CB43A9A43BFECB51FA /* PBXContainerItemProxy */;
		};
/* End PBXTargetDependency section */

/* Begin PBXVariantGroup section */
		VG_79F735868F65EDD54CB59417BC9101D3 /* Main.storyboard */ = {
			isa = PBXVariantGroup;
			children = (
				FR_A3AFD476128CF5D88638D96CB6CF3AD4 /* Base */,
			);
			name = Main.storyboard;
			sourceTree = "<group>";
		};
		VG_AA1C18744EF5D6419D128EE4D1676049 /* LaunchScreen.storyboard */ = {
			isa = PBXVariantGroup;
			children = (
				FR_AC8C26A96D1F7933343A587E1DC4E6FB /* Base */,
			);
			name = LaunchScreen.storyboard;
			sourceTree = "<group>";
		};
/* End PBXVariantGroup section */

/* Begin XCBuildConfiguration section */
		BC_05066D3758A9C9E8A489FB469526D045 /* Beta */ = {
			isa = XCBuildConfiguration;
			buildSettings = {
				BUNDLE_LOADER = "$(TEST_HOST)";
				CODE_SIGN_STYLE = Automatic;
				DEVELOPMENT_TEAM = S56GZ64EWS;
				INFOPLIST_FILE = logging_framework/logging_frameworkTests/info.plist;
				IPHONEOS_DEPLOYMENT_TARGET = 11.1;
				LD_RUNPATH_SEARCH_PATHS = "$(inherited) @executable_path/Frameworks @loader_path/Frameworks";
				SDKROOT = iphoneos;
				SWIFT_VERSION = 4.2;
				TARGETED_DEVICE_FAMILY = "1,2";
				TEST_HOST = "${BUILT_PRODUCTS_DIR}/logging_framework/logging_framework.framework";
			};
			name = Beta;
		};
		BC_0C0E02B9B5479789ABC67478E3225A8C /* Beta */ = {
			isa = XCBuildConfiguration;
			buildSettings = {
				BUNDLE_LOADER = "$(TEST_HOST)";
				CODE_SIGN_STYLE = Automatic;
				DEVELOPMENT_TEAM = S56GZ64EWS;
				INFOPLIST_FILE = "xcode_gen_exampleTests/Supporting Files/info.plist";
				LD_RUNPATH_SEARCH_PATHS = "$(inherited) @executable_path/Frameworks @loader_path/Frameworks";
				SDKROOT = iphoneos;
				SWIFT_VERSION = 4.2;
				TARGETED_DEVICE_FAMILY = "1,2";
				TEST_HOST = "${BUILT_PRODUCTS_DIR}/xcode_gen_example.app";
			};
			name = Beta;
		};
		BC_0EA7ABFC6481D8D9A44CD54710DF67DE /* AppStore */ = {
			isa = XCBuildConfiguration;
			buildSettings = {
				ALWAYS_EMBED_SWIFT_STANDARD_LIBRARIES = "${inherited}";
				ASSETCATALOG_COMPILER_APPICON_NAME = AppIcon;
				CODE_SIGN_IDENTITY = "";
				CODE_SIGN_STYLE = Automatic;
				CURRENT_PROJECT_VERSION = 1;
				DEFINES_MODULE = YES;
				DEVELOPMENT_TEAM = S56GZ64EWS;
				DYLIB_COMPATIBILITY_VERSION = 1;
				DYLIB_CURRENT_VERSION = 1;
				DYLIB_INSTALL_NAME_BASE = "@rpath";
				INFOPLIST_FILE = logging_framework/logging_framework/info.plist;
				INSTALL_PATH = "$(LOCAL_LIBRARY_DIR)/Frameworks";
				IPHONEOS_DEPLOYMENT_TARGET = 11.1;
				LD_RUNPATH_SEARCH_PATHS = "$(inherited) @executable_path/Frameworks";
				PRODUCT_BUNDLE_IDENTIFIER = "${BUNDLE_ID}";
				SDKROOT = iphoneos;
				SKIP_INSTALL = YES;
				SWIFT_VERSION = 4.2;
				TARGETED_DEVICE_FAMILY = "1,2";
				VERSIONING_SYSTEM = "apple-generic";
			};
			name = AppStore;
		};
		BC_10746B2CC274BA84F913427AC261EFC5 /* Debug */ = {
			isa = XCBuildConfiguration;
			buildSettings = {
				ALWAYS_SEARCH_USER_PATHS = NO;
				CLANG_ANALYZER_NONNULL = YES;
				CLANG_ANALYZER_NUMBER_OBJECT_CONVERSION = YES_AGGRESSIVE;
				CLANG_CXX_LANGUAGE_STANDARD = "gnu++14";
				CLANG_CXX_LIBRARY = "libc++";
				CLANG_ENABLE_MODULES = YES;
				CLANG_ENABLE_OBJC_ARC = YES;
				CLANG_WARN_BLOCK_CAPTURE_AUTORELEASING = YES;
				CLANG_WARN_BOOL_CONVERSION = YES;
				CLANG_WARN_COMMA = YES;
				CLANG_WARN_CONSTANT_CONVERSION = YES;
				CLANG_WARN_DEPRECATED_OBJC_IMPLEMENTATIONS = YES;
				CLANG_WARN_DIRECT_OBJC_ISA_USAGE = YES_ERROR;
				CLANG_WARN_DOCUMENTATION_COMMENTS = YES;
				CLANG_WARN_EMPTY_BODY = YES;
				CLANG_WARN_ENUM_CONVERSION = YES;
				CLANG_WARN_INFINITE_RECURSION = YES;
				CLANG_WARN_INT_CONVERSION = YES;
				CLANG_WARN_NON_LITERAL_NULL_CONVERSION = YES;
				CLANG_WARN_OBJC_IMPLICIT_RETAIN_SELF = YES;
				CLANG_WARN_OBJC_LITERAL_CONVERSION = YES;
				CLANG_WARN_OBJC_ROOT_CLASS = YES_ERROR;
				CLANG_WARN_RANGE_LOOP_ANALYSIS = YES;
				CLANG_WARN_STRICT_PROTOTYPES = YES;
				CLANG_WARN_SUSPICIOUS_MOVE = YES;
				CLANG_WARN_UNGUARDED_AVAILABILITY = YES_AGGRESSIVE;
				CLANG_WARN_UNREACHABLE_CODE = YES;
				CLANG_WARN__DUPLICATE_METHOD_MATCH = YES;
				COPY_PHASE_STRIP = NO;
				DEBUG_INFORMATION_FORMAT = dwarf;
				ENABLE_STRICT_OBJC_MSGSEND = YES;
				ENABLE_TESTABILITY = YES;
				GCC_C_LANGUAGE_STANDARD = gnu11;
				GCC_DYNAMIC_NO_PIC = NO;
				GCC_NO_COMMON_BLOCKS = YES;
				GCC_OPTIMIZATION_LEVEL = 0;
				GCC_PREPROCESSOR_DEFINITIONS = (
					"$(inherited)",
					"DEBUG=1",
				);
				GCC_WARN_64_TO_32_BIT_CONVERSION = YES;
				GCC_WARN_ABOUT_RETURN_TYPE = YES_ERROR;
				GCC_WARN_UNDECLARED_SELECTOR = YES;
				GCC_WARN_UNINITIALIZED_AUTOS = YES_AGGRESSIVE;
				GCC_WARN_UNUSED_FUNCTION = YES;
				GCC_WARN_UNUSED_VARIABLE = YES;
				IPHONEOS_DEPLOYMENT_TARGET = 11.1;
				MTL_ENABLE_DEBUG_INFO = YES;
				ONLY_ACTIVE_ARCH = YES;
				PRODUCT_NAME = "$(TARGET_NAME)";
				SDKROOT = iphoneos;
				SWIFT_ACTIVE_COMPILATION_CONDITIONS = DEBUG;
				SWIFT_OPTIMIZATION_LEVEL = "-Onone";
				SWIFT_VERSION = 4.2;
			};
			name = Debug;
		};
		BC_136A370A900F7F94771395486CCA9575 /* AppStore */ = {
			isa = XCBuildConfiguration;
			buildSettings = {
				BUNDLE_LOADER = "$(TEST_HOST)";
				CODE_SIGN_STYLE = Automatic;
				DEVELOPMENT_TEAM = S56GZ64EWS;
				INFOPLIST_FILE = logging_framework/logging_frameworkTests/info.plist;
				IPHONEOS_DEPLOYMENT_TARGET = 11.1;
				LD_RUNPATH_SEARCH_PATHS = "$(inherited) @executable_path/Frameworks @loader_path/Frameworks";
				SDKROOT = iphoneos;
				SWIFT_VERSION = 4.2;
				TARGETED_DEVICE_FAMILY = "1,2";
				TEST_HOST = "${BUILT_PRODUCTS_DIR}/logging_framework/logging_framework.framework";
			};
			name = AppStore;
		};
		BC_251B2D40A931ABA5199234601894D564 /* AppStore */ = {
			isa = XCBuildConfiguration;
			buildSettings = {
				ALWAYS_EMBED_SWIFT_STANDARD_LIBRARIES = "${inherited}";
				CODE_SIGN_IDENTITY = "";
				CODE_SIGN_STYLE = Automatic;
				CURRENT_PROJECT_VERSION = 1;
				DEFINES_MODULE = YES;
				DEVELOPMENT_TEAM = S56GZ64EWS;
				DYLIB_COMPATIBILITY_VERSION = 1;
				DYLIB_CURRENT_VERSION = 1;
				DYLIB_INSTALL_NAME_BASE = "@rpath";
				INFOPLIST_FILE = "hiratsuka-test/info.plist";
				INSTALL_PATH = "$(LOCAL_LIBRARY_DIR)/Frameworks";
				IPHONEOS_DEPLOYMENT_TARGET = 11.1;
				LD_RUNPATH_SEARCH_PATHS = "$(inherited) @executable_path/Frameworks";
				PRODUCT_BUNDLE_IDENTIFIER = "com.nonchalant.hiratsuka-test";
				SDKROOT = iphoneos;
				SKIP_INSTALL = YES;
				SWIFT_VERSION = 4.2;
				TARGETED_DEVICE_FAMILY = "1,2";
				VERSIONING_SYSTEM = "apple-generic";
			};
			name = AppStore;
		};
		BC_271A2CEEFB110B9FE48752CDFE003F8E /* Debug */ = {
			isa = XCBuildConfiguration;
			buildSettings = {
				ALWAYS_EMBED_SWIFT_STANDARD_LIBRARIES = "${inherited}";
				CODE_SIGN_IDENTITY = "";
				CODE_SIGN_STYLE = Automatic;
				CURRENT_PROJECT_VERSION = 1;
				DEFINES_MODULE = YES;
				DEVELOPMENT_TEAM = S56GZ64EWS;
				DYLIB_COMPATIBILITY_VERSION = 1;
				DYLIB_CURRENT_VERSION = 1;
				DYLIB_INSTALL_NAME_BASE = "@rpath";
				INFOPLIST_FILE = "hiratsuka-test/info.plist";
				INSTALL_PATH = "$(LOCAL_LIBRARY_DIR)/Frameworks";
				IPHONEOS_DEPLOYMENT_TARGET = 11.1;
				LD_RUNPATH_SEARCH_PATHS = "$(inherited) @executable_path/Frameworks";
				PRODUCT_BUNDLE_IDENTIFIER = "com.nonchalant.hiratsuka-test";
				SDKROOT = iphoneos;
				SKIP_INSTALL = YES;
				SWIFT_VERSION = 4.2;
				TARGETED_DEVICE_FAMILY = "1,2";
				VERSIONING_SYSTEM = "apple-generic";
			};
			name = Debug;
		};
		BC_36AFBF3EED2EA50B1F50C5E09330704D /* Debug */ = {
			isa = XCBuildConfiguration;
			buildSettings = {
				ALWAYS_EMBED_SWIFT_STANDARD_LIBRARIES = "${inherited}";
				ASSETCATALOG_COMPILER_APPICON_NAME = AppIcon;
				CODE_SIGN_IDENTITY = "";
				CODE_SIGN_STYLE = Automatic;
				CURRENT_PROJECT_VERSION = 1;
				DEFINES_MODULE = YES;
				DEVELOPMENT_TEAM = S56GZ64EWS;
				DYLIB_COMPATIBILITY_VERSION = 1;
				DYLIB_CURRENT_VERSION = 1;
				DYLIB_INSTALL_NAME_BASE = "@rpath";
				INFOPLIST_FILE = logging_framework/logging_framework/info.plist;
				INSTALL_PATH = "$(LOCAL_LIBRARY_DIR)/Frameworks";
				IPHONEOS_DEPLOYMENT_TARGET = 11.1;
				LD_RUNPATH_SEARCH_PATHS = "$(inherited) @executable_path/Frameworks";
				PRODUCT_BUNDLE_IDENTIFIER = "${BUNDLE_ID}";
				SDKROOT = iphoneos;
				SKIP_INSTALL = YES;
				SWIFT_VERSION = 4.2;
				TARGETED_DEVICE_FAMILY = "1,2";
				VERSIONING_SYSTEM = "apple-generic";
			};
			name = Debug;
		};
		BC_370044994D3C1AEE6AF8CD14D612DBBE /* AppStore */ = {
			isa = XCBuildConfiguration;
			buildSettings = {
				BUNDLE_LOADER = "$(TEST_HOST)";
				CODE_SIGN_STYLE = Automatic;
				DEVELOPMENT_TEAM = S56GZ64EWS;
				INFOPLIST_FILE = "hiratsuka-testTests/info.plist";
				IPHONEOS_DEPLOYMENT_TARGET = 11.1;
				LD_RUNPATH_SEARCH_PATHS = "$(inherited) @executable_path/Frameworks @loader_path/Frameworks";
				SDKROOT = iphoneos;
				SWIFT_VERSION = 4.2;
				TARGETED_DEVICE_FAMILY = "1,2";
				TEST_HOST = "${BUILT_PRODUCTS_DIR}/hiratsuka-test.framework";
			};
			name = AppStore;
		};
		BC_4A7E9F54047A6EA7479424CF32953A95 /* Beta */ = {
			isa = XCBuildConfiguration;
			buildSettings = {
				ALWAYS_EMBED_SWIFT_STANDARD_LIBRARIES = "${inherited}";
				ASSETCATALOG_COMPILER_APPICON_NAME = AppIcon;
				CODE_SIGN_IDENTITY = "";
				CODE_SIGN_STYLE = Automatic;
				CURRENT_PROJECT_VERSION = 1;
				DEFINES_MODULE = YES;
				DEVELOPMENT_TEAM = S56GZ64EWS;
				DYLIB_COMPATIBILITY_VERSION = 1;
				DYLIB_CURRENT_VERSION = 1;
				DYLIB_INSTALL_NAME_BASE = "@rpath";
				INFOPLIST_FILE = logging_framework/logging_framework/info.plist;
				INSTALL_PATH = "$(LOCAL_LIBRARY_DIR)/Frameworks";
				IPHONEOS_DEPLOYMENT_TARGET = 11.1;
				LD_RUNPATH_SEARCH_PATHS = "$(inherited) @executable_path/Frameworks";
				PRODUCT_BUNDLE_IDENTIFIER = "${BUNDLE_ID}";
				SDKROOT = iphoneos;
				SKIP_INSTALL = YES;
				SWIFT_VERSION = 4.2;
				TARGETED_DEVICE_FAMILY = "1,2";
				VERSIONING_SYSTEM = "apple-generic";
			};
			name = Beta;
		};
		BC_65A401DC6ED9E099869695DCAA205696 /* AppStore */ = {
			isa = XCBuildConfiguration;
			buildSettings = {
				ALWAYS_SEARCH_USER_PATHS = NO;
				CLANG_ANALYZER_NONNULL = YES;
				CLANG_ANALYZER_NUMBER_OBJECT_CONVERSION = YES_AGGRESSIVE;
				CLANG_CXX_LANGUAGE_STANDARD = "gnu++14";
				CLANG_CXX_LIBRARY = "libc++";
				CLANG_ENABLE_MODULES = YES;
				CLANG_ENABLE_OBJC_ARC = YES;
				CLANG_WARN_BLOCK_CAPTURE_AUTORELEASING = YES;
				CLANG_WARN_BOOL_CONVERSION = YES;
				CLANG_WARN_COMMA = YES;
				CLANG_WARN_CONSTANT_CONVERSION = YES;
				CLANG_WARN_DEPRECATED_OBJC_IMPLEMENTATIONS = YES;
				CLANG_WARN_DIRECT_OBJC_ISA_USAGE = YES_ERROR;
				CLANG_WARN_DOCUMENTATION_COMMENTS = YES;
				CLANG_WARN_EMPTY_BODY = YES;
				CLANG_WARN_ENUM_CONVERSION = YES;
				CLANG_WARN_INFINITE_RECURSION = YES;
				CLANG_WARN_INT_CONVERSION = YES;
				CLANG_WARN_NON_LITERAL_NULL_CONVERSION = YES;
				CLANG_WARN_OBJC_IMPLICIT_RETAIN_SELF = YES;
				CLANG_WARN_OBJC_LITERAL_CONVERSION = YES;
				CLANG_WARN_OBJC_ROOT_CLASS = YES_ERROR;
				CLANG_WARN_RANGE_LOOP_ANALYSIS = YES;
				CLANG_WARN_STRICT_PROTOTYPES = YES;
				CLANG_WARN_SUSPICIOUS_MOVE = YES;
				CLANG_WARN_UNGUARDED_AVAILABILITY = YES_AGGRESSIVE;
				CLANG_WARN_UNREACHABLE_CODE = YES;
				CLANG_WARN__DUPLICATE_METHOD_MATCH = YES;
				COPY_PHASE_STRIP = NO;
				DEBUG_INFORMATION_FORMAT = "dwarf-with-dsym";
				ENABLE_NS_ASSERTIONS = NO;
				ENABLE_STRICT_OBJC_MSGSEND = YES;
				GCC_C_LANGUAGE_STANDARD = gnu11;
				GCC_NO_COMMON_BLOCKS = YES;
				GCC_WARN_64_TO_32_BIT_CONVERSION = YES;
				GCC_WARN_ABOUT_RETURN_TYPE = YES_ERROR;
				GCC_WARN_UNDECLARED_SELECTOR = YES;
				GCC_WARN_UNINITIALIZED_AUTOS = YES_AGGRESSIVE;
				GCC_WARN_UNUSED_FUNCTION = YES;
				GCC_WARN_UNUSED_VARIABLE = YES;
				IPHONEOS_DEPLOYMENT_TARGET = 11.1;
				PRODUCT_NAME = "$(TARGET_NAME)";
				SDKROOT = iphoneos;
				SWIFT_OPTIMIZATION_LEVEL = "-Owholemodule";
				SWIFT_VERSION = 4.2;
				VALIDATE_PRODUCT = YES;
			};
			name = AppStore;
		};
		BC_88D8DC5BEE2FE283548610737BC6931C /* Debug */ = {
			isa = XCBuildConfiguration;
			buildSettings = {
				BUNDLE_LOADER = "$(TEST_HOST)";
				CODE_SIGN_STYLE = Automatic;
				DEVELOPMENT_TEAM = S56GZ64EWS;
				INFOPLIST_FILE = "hiratsuka-testTests/info.plist";
				IPHONEOS_DEPLOYMENT_TARGET = 11.1;
				LD_RUNPATH_SEARCH_PATHS = "$(inherited) @executable_path/Frameworks @loader_path/Frameworks";
				SDKROOT = iphoneos;
				SWIFT_VERSION = 4.2;
				TARGETED_DEVICE_FAMILY = "1,2";
				TEST_HOST = "${BUILT_PRODUCTS_DIR}/hiratsuka-test.framework";
			};
			name = Debug;
		};
		BC_8EA73EB03E1623E7EA656CE1469A35D6 /* AppStore */ = {
			isa = XCBuildConfiguration;
			buildSettings = {
				BUNDLE_LOADER = "$(TEST_HOST)";
				CODE_SIGN_STYLE = Automatic;
				DEVELOPMENT_TEAM = S56GZ64EWS;
				INFOPLIST_FILE = "xcode_gen_exampleTests/Supporting Files/info.plist";
				LD_RUNPATH_SEARCH_PATHS = "$(inherited) @executable_path/Frameworks @loader_path/Frameworks";
				SDKROOT = iphoneos;
				SWIFT_VERSION = 4.2;
				TARGETED_DEVICE_FAMILY = "1,2";
				TEST_HOST = "${BUILT_PRODUCTS_DIR}/xcode_gen_example.app";
			};
			name = AppStore;
		};
		BC_96F7985FF5681B496C3D15C0F3B9DB19 /* Debug */ = {
			isa = XCBuildConfiguration;
			buildSettings = {
				BUNDLE_LOADER = "$(TEST_HOST)";
				CODE_SIGN_STYLE = Automatic;
				DEVELOPMENT_TEAM = S56GZ64EWS;
				INFOPLIST_FILE = logging_framework/logging_frameworkTests/info.plist;
				IPHONEOS_DEPLOYMENT_TARGET = 11.1;
				LD_RUNPATH_SEARCH_PATHS = "$(inherited) @executable_path/Frameworks @loader_path/Frameworks";
				SDKROOT = iphoneos;
				SWIFT_VERSION = 4.2;
				TARGETED_DEVICE_FAMILY = "1,2";
				TEST_HOST = "${BUILT_PRODUCTS_DIR}/logging_framework/logging_framework.framework";
			};
			name = Debug;
		};
		BC_B074D69F6E92FF84534E8E1610BCB108 /* Beta */ = {
			isa = XCBuildConfiguration;
			buildSettings = {
				ALWAYS_EMBED_SWIFT_STANDARD_LIBRARIES = "${inherited}";
				ASSETCATALOG_COMPILER_APPICON_NAME = AppIcon;
				BUNDLE_ID = "hiratsuka-test.beta";
				CODE_SIGN_IDENTITY = "iPhone Distribution";
				CODE_SIGN_STYLE = Manual;
				DEVELOPMENT_TEAM = S56GZ64EWS;
				ENABLE_BITCODE = NO;
				FRAMEWORK_SEARCH_PATHS = (
					"$(inherited)",
					"$(PROJECT_DIR)/Carthage/Build/iOS",
				);
				INFOPLIST_FILE = xcode_gen_example/info.plist;
				IPHONEOS_DEPLOYMENT_TARGET = 11.1;
				LD_RUNPATH_SEARCH_PATHS = "$(inherited) @executable_path/Frameworks";
				OTHER_SWIFT_FLAGS = "-Xfrontend -debug-time-function-bodies";
				PRODUCT_BUNDLE_IDENTIFIER = "${BUNDLE_ID}";
				PRODUCT_NAME = "beta-hiratsuka";
				PROVISIONING_PROFILE_SPECIFIER = "match AdHoc hiratsuka-test.beta";
				SDKROOT = iphoneos;
				SWIFT_VERSION = 4.2;
				TARGETED_DEVICE_FAMILY = "1,2";
			};
			name = Beta;
		};
		BC_D3F588A572939DBDC6455A6647E14E4A /* Beta */ = {
			isa = XCBuildConfiguration;
			buildSettings = {
				ALWAYS_SEARCH_USER_PATHS = NO;
				CLANG_ANALYZER_NONNULL = YES;
				CLANG_ANALYZER_NUMBER_OBJECT_CONVERSION = YES_AGGRESSIVE;
				CLANG_CXX_LANGUAGE_STANDARD = "gnu++14";
				CLANG_CXX_LIBRARY = "libc++";
				CLANG_ENABLE_MODULES = YES;
				CLANG_ENABLE_OBJC_ARC = YES;
				CLANG_WARN_BLOCK_CAPTURE_AUTORELEASING = YES;
				CLANG_WARN_BOOL_CONVERSION = YES;
				CLANG_WARN_COMMA = YES;
				CLANG_WARN_CONSTANT_CONVERSION = YES;
				CLANG_WARN_DEPRECATED_OBJC_IMPLEMENTATIONS = YES;
				CLANG_WARN_DIRECT_OBJC_ISA_USAGE = YES_ERROR;
				CLANG_WARN_DOCUMENTATION_COMMENTS = YES;
				CLANG_WARN_EMPTY_BODY = YES;
				CLANG_WARN_ENUM_CONVERSION = YES;
				CLANG_WARN_INFINITE_RECURSION = YES;
				CLANG_WARN_INT_CONVERSION = YES;
				CLANG_WARN_NON_LITERAL_NULL_CONVERSION = YES;
				CLANG_WARN_OBJC_IMPLICIT_RETAIN_SELF = YES;
				CLANG_WARN_OBJC_LITERAL_CONVERSION = YES;
				CLANG_WARN_OBJC_ROOT_CLASS = YES_ERROR;
				CLANG_WARN_RANGE_LOOP_ANALYSIS = YES;
				CLANG_WARN_STRICT_PROTOTYPES = YES;
				CLANG_WARN_SUSPICIOUS_MOVE = YES;
				CLANG_WARN_UNGUARDED_AVAILABILITY = YES_AGGRESSIVE;
				CLANG_WARN_UNREACHABLE_CODE = YES;
				CLANG_WARN__DUPLICATE_METHOD_MATCH = YES;
				COPY_PHASE_STRIP = NO;
				DEBUG_INFORMATION_FORMAT = "dwarf-with-dsym";
				ENABLE_NS_ASSERTIONS = NO;
				ENABLE_STRICT_OBJC_MSGSEND = YES;
				GCC_C_LANGUAGE_STANDARD = gnu11;
				GCC_NO_COMMON_BLOCKS = YES;
				GCC_WARN_64_TO_32_BIT_CONVERSION = YES;
				GCC_WARN_ABOUT_RETURN_TYPE = YES_ERROR;
				GCC_WARN_UNDECLARED_SELECTOR = YES;
				GCC_WARN_UNINITIALIZED_AUTOS = YES_AGGRESSIVE;
				GCC_WARN_UNUSED_FUNCTION = YES;
				GCC_WARN_UNUSED_VARIABLE = YES;
				IPHONEOS_DEPLOYMENT_TARGET = 11.1;
				PRODUCT_NAME = "$(TARGET_NAME)";
				SDKROOT = iphoneos;
				SWIFT_OPTIMIZATION_LEVEL = "-Owholemodule";
				SWIFT_VERSION = 4.2;
				VALIDATE_PRODUCT = YES;
			};
			name = Beta;
		};
		BC_D8F266C1E66B755A608A998E7537DDD1 /* Beta */ = {
			isa = XCBuildConfiguration;
			buildSettings = {
				BUNDLE_LOADER = "$(TEST_HOST)";
				CODE_SIGN_STYLE = Automatic;
				DEVELOPMENT_TEAM = S56GZ64EWS;
				INFOPLIST_FILE = "hiratsuka-testTests/info.plist";
				IPHONEOS_DEPLOYMENT_TARGET = 11.1;
				LD_RUNPATH_SEARCH_PATHS = "$(inherited) @executable_path/Frameworks @loader_path/Frameworks";
				SDKROOT = iphoneos;
				SWIFT_VERSION = 4.2;
				TARGETED_DEVICE_FAMILY = "1,2";
				TEST_HOST = "${BUILT_PRODUCTS_DIR}/hiratsuka-test.framework";
			};
			name = Beta;
		};
		BC_DB9E7EC4B058FDCDBDE49FE2254CDEC3 /* Beta */ = {
			isa = XCBuildConfiguration;
			buildSettings = {
				ALWAYS_EMBED_SWIFT_STANDARD_LIBRARIES = "${inherited}";
				CODE_SIGN_IDENTITY = "";
				CODE_SIGN_STYLE = Automatic;
				CURRENT_PROJECT_VERSION = 1;
				DEFINES_MODULE = YES;
				DEVELOPMENT_TEAM = S56GZ64EWS;
				DYLIB_COMPATIBILITY_VERSION = 1;
				DYLIB_CURRENT_VERSION = 1;
				DYLIB_INSTALL_NAME_BASE = "@rpath";
				INFOPLIST_FILE = "hiratsuka-test/info.plist";
				INSTALL_PATH = "$(LOCAL_LIBRARY_DIR)/Frameworks";
				IPHONEOS_DEPLOYMENT_TARGET = 11.1;
				LD_RUNPATH_SEARCH_PATHS = "$(inherited) @executable_path/Frameworks";
				PRODUCT_BUNDLE_IDENTIFIER = "com.nonchalant.hiratsuka-test";
				SDKROOT = iphoneos;
				SKIP_INSTALL = YES;
				SWIFT_VERSION = 4.2;
				TARGETED_DEVICE_FAMILY = "1,2";
				VERSIONING_SYSTEM = "apple-generic";
			};
			name = Beta;
		};
		BC_ED720E05BF3176D3874FE0F66D84257E /* AppStore */ = {
			isa = XCBuildConfiguration;
			buildSettings = {
				ALWAYS_EMBED_SWIFT_STANDARD_LIBRARIES = "${inherited}";
				ASSETCATALOG_COMPILER_APPICON_NAME = AppIcon;
				BUNDLE_ID = "hiratsuka-test.prod";
				CODE_SIGN_IDENTITY = "iPhone Distribution";
				CODE_SIGN_STYLE = Manual;
				DEVELOPMENT_TEAM = S56GZ64EWS;
				ENABLE_BITCODE = NO;
				FRAMEWORK_SEARCH_PATHS = (
					"$(inherited)",
					"$(PROJECT_DIR)/Carthage/Build/iOS",
				);
				INFOPLIST_FILE = xcode_gen_example/info.plist;
				IPHONEOS_DEPLOYMENT_TARGET = 11.1;
				LD_RUNPATH_SEARCH_PATHS = "$(inherited) @executable_path/Frameworks";
				OTHER_SWIFT_FLAGS = "-Xfrontend -debug-time-function-bodies";
				PRODUCT_BUNDLE_IDENTIFIER = "${BUNDLE_ID}";
				PRODUCT_NAME = "prod-hiratsuka";
				PROVISIONING_PROFILE_SPECIFIER = "match AppStore hiratsuka-test.prod";
				SDKROOT = iphoneos;
				SWIFT_VERSION = 4.2;
				TARGETED_DEVICE_FAMILY = "1,2";
			};
			name = AppStore;
		};
		BC_EF859F78997DC83352CEF697D22F3551 /* Debug */ = {
			isa = XCBuildConfiguration;
			buildSettings = {
				ALWAYS_EMBED_SWIFT_STANDARD_LIBRARIES = "${inherited}";
				ASSETCATALOG_COMPILER_APPICON_NAME = AppIcon;
				BUNDLE_ID = "hiratsuka-test.debug";
				CODE_SIGN_IDENTITY = "iPhone Developer";
				CODE_SIGN_STYLE = Manual;
				DEVELOPMENT_TEAM = S56GZ64EWS;
				ENABLE_BITCODE = NO;
				FRAMEWORK_SEARCH_PATHS = (
					"$(inherited)",
					"$(PROJECT_DIR)/Carthage/Build/iOS",
				);
				INFOPLIST_FILE = xcode_gen_example/info.plist;
				IPHONEOS_DEPLOYMENT_TARGET = 11.1;
				LD_RUNPATH_SEARCH_PATHS = "$(inherited) @executable_path/Frameworks";
				OTHER_SWIFT_FLAGS = "-D DEBUG -Xfrontend -debug-time-function-bodies";
				PRODUCT_BUNDLE_IDENTIFIER = "${BUNDLE_ID}";
				PRODUCT_NAME = "debug-hiratsuka";
				PROVISIONING_PROFILE_SPECIFIER = "match Development hiratsuka-test.debug";
				SDKROOT = iphoneos;
				SWIFT_VERSION = 4.2;
				TARGETED_DEVICE_FAMILY = "1,2";
			};
			name = Debug;
		};
		BC_FA2134EAE7DF021374295BD6D85B32DF /* Debug */ = {
			isa = XCBuildConfiguration;
			buildSettings = {
				BUNDLE_LOADER = "$(TEST_HOST)";
				CODE_SIGN_STYLE = Automatic;
				DEVELOPMENT_TEAM = S56GZ64EWS;
				INFOPLIST_FILE = "xcode_gen_exampleTests/Supporting Files/info.plist";
				LD_RUNPATH_SEARCH_PATHS = "$(inherited) @executable_path/Frameworks @loader_path/Frameworks";
				SDKROOT = iphoneos;
				SWIFT_VERSION = 4.2;
				TARGETED_DEVICE_FAMILY = "1,2";
				TEST_HOST = "${BUILT_PRODUCTS_DIR}/xcode_gen_example.app";
			};
			name = Debug;
		};
/* End XCBuildConfiguration section */

/* Begin XCConfigurationList section */
		CL_1FFC3EF368B9B9912AD91A6C1B3266D5 /* Build configuration list for PBXNativeTarget "logging_frameworkTests" */ = {
			isa = XCConfigurationList;
			buildConfigurations = (
				BC_136A370A900F7F94771395486CCA9575 /* AppStore */,
				BC_05066D3758A9C9E8A489FB469526D045 /* Beta */,
				BC_96F7985FF5681B496C3D15C0F3B9DB19 /* Debug */,
			);
			defaultConfigurationIsVisible = 0;
			defaultConfigurationName = "";
		};
		CL_4FB2BDF92087CA2F56A91717E9E3085F /* Build configuration list for PBXNativeTarget "hiratsuka-test" */ = {
			isa = XCConfigurationList;
			buildConfigurations = (
				BC_251B2D40A931ABA5199234601894D564 /* AppStore */,
				BC_DB9E7EC4B058FDCDBDE49FE2254CDEC3 /* Beta */,
				BC_271A2CEEFB110B9FE48752CDFE003F8E /* Debug */,
			);
			defaultConfigurationIsVisible = 0;
			defaultConfigurationName = "";
		};
		CL_5E760385CA93FF84E8D2F983C23A1092 /* Build configuration list for PBXNativeTarget "hiratsuka-testTests" */ = {
			isa = XCConfigurationList;
			buildConfigurations = (
				BC_370044994D3C1AEE6AF8CD14D612DBBE /* AppStore */,
				BC_D8F266C1E66B755A608A998E7537DDD1 /* Beta */,
				BC_88D8DC5BEE2FE283548610737BC6931C /* Debug */,
			);
			defaultConfigurationIsVisible = 0;
			defaultConfigurationName = "";
		};
		CL_B08779AC4AB76C6A5E9DAC083EC8222B /* Build configuration list for PBXNativeTarget "logging_framework" */ = {
			isa = XCConfigurationList;
			buildConfigurations = (
				BC_0EA7ABFC6481D8D9A44CD54710DF67DE /* AppStore */,
				BC_4A7E9F54047A6EA7479424CF32953A95 /* Beta */,
				BC_36AFBF3EED2EA50B1F50C5E09330704D /* Debug */,
			);
			defaultConfigurationIsVisible = 0;
			defaultConfigurationName = "";
		};
		CL_C6D3A40F96F3A3EE270E6DE1BE414070 /* Build configuration list for PBXProject "xcode_gen_example" */ = {
			isa = XCConfigurationList;
			buildConfigurations = (
				BC_65A401DC6ED9E099869695DCAA205696 /* AppStore */,
				BC_D3F588A572939DBDC6455A6647E14E4A /* Beta */,
				BC_10746B2CC274BA84F913427AC261EFC5 /* Debug */,
			);
			defaultConfigurationIsVisible = 0;
			defaultConfigurationName = AppStore;
		};
		CL_DD6C6E59B1FC8DDA80777E1F84F808CE /* Build configuration list for PBXNativeTarget "xcode_gen_exampleTests" */ = {
			isa = XCConfigurationList;
			buildConfigurations = (
				BC_8EA73EB03E1623E7EA656CE1469A35D6 /* AppStore */,
				BC_0C0E02B9B5479789ABC67478E3225A8C /* Beta */,
				BC_FA2134EAE7DF021374295BD6D85B32DF /* Debug */,
			);
			defaultConfigurationIsVisible = 0;
			defaultConfigurationName = "";
		};
		CL_F7286DC3F011ABD46F68F00A0BC470CA /* Build configuration list for PBXNativeTarget "xcode_gen_example" */ = {
			isa = XCConfigurationList;
			buildConfigurations = (
				BC_ED720E05BF3176D3874FE0F66D84257E /* AppStore */,
				BC_B074D69F6E92FF84534E8E1610BCB108 /* Beta */,
				BC_EF859F78997DC83352CEF697D22F3551 /* Debug */,
			);
			defaultConfigurationIsVisible = 0;
			defaultConfigurationName = "";
		};
/* End XCConfigurationList section */
	};
	rootObject = P_FC0512C75FA504A3ED9E7E5499B7847F /* Project object */;
}
